
Microsoft Visual Studio Solution File, Format Version 12.00
# Visual Studio Version 17
VisualStudioVersion = 17.0.31903.59
MinimumVisualStudioVersion = 10.0.40219.1
Project("{2150E333-8FDC-42A3-9474-1A3956D46DE8}") = "src", "src", "{827E0CD3-B72D-47B6-A68D-7590B98EB39B}"
EndProject
Project("{FAE04EC0-301F-11D3-BF4B-00C04F79EFBC}") = "UeMcp", "src\UeMcp\UeMcp.csproj", "{722FD22F-A590-4311-8103-F804B4169228}"
EndProject
Project("{2150E333-8FDC-42A3-9474-1A3956D46DE8}") = "lib", "lib", "{3A8DF596-E814-FECC-DD4B-D8EF8AAC1A0D}"
EndProject
Project("{2150E333-8FDC-42A3-9474-1A3956D46DE8}") = "UAssetAPI", "UAssetAPI", "{9E0596A0-C94B-5ED0-E73D-A81A4BC79739}"
EndProject
Project("{FAE04EC0-301F-11D3-BF4B-00C04F79EFBC}") = "UAssetAPI", "lib\UAssetAPI\UAssetAPI\UAssetAPI.csproj", "{178417EC-1177-413E-BE85-C83AECD64279}"
EndProject
Global
	GlobalSection(SolutionConfigurationPlatforms) = preSolution
		Debug|Any CPU = Debug|Any CPU
		Debug|x64 = Debug|x64
		Debug|x86 = Debug|x86
		Release|Any CPU = Release|Any CPU
		Release|x64 = Release|x64
		Release|x86 = Release|x86
	EndGlobalSection
	GlobalSection(ProjectConfigurationPlatforms) = postSolution
		{722FD22F-A590-4311-8103-F804B4169228}.Debug|Any CPU.ActiveCfg = Debug|Any CPU
		{722FD22F-A590-4311-8103-F804B4169228}.Debug|Any CPU.Build.0 = Debug|Any CPU
		{722FD22F-A590-4311-8103-F804B4169228}.Debug|x64.ActiveCfg = Debug|Any CPU
		{722FD22F-A590-4311-8103-F804B4169228}.Debug|x64.Build.0 = Debug|Any CPU
		{722FD22F-A590-4311-8103-F804B4169228}.Debug|x86.ActiveCfg = Debug|Any CPU
		{722FD22F-A590-4311-8103-F804B4169228}.Debug|x86.Build.0 = Debug|Any CPU
		{722FD22F-A590-4311-8103-F804B4169228}.Release|Any CPU.ActiveCfg = Release|Any CPU
		{722FD22F-A590-4311-8103-F804B4169228}.Release|Any CPU.Build.0 = Release|Any CPU
		{722FD22F-A590-4311-8103-F804B4169228}.Release|x64.ActiveCfg = Release|Any CPU
		{722FD22F-A590-4311-8103-F804B4169228}.Release|x64.Build.0 = Release|Any CPU
		{722FD22F-A590-4311-8103-F804B4169228}.Release|x86.ActiveCfg = Release|Any CPU
		{722FD22F-A590-4311-8103-F804B4169228}.Release|x86.Build.0 = Release|Any CPU
		{178417EC-1177-413E-BE85-C83AECD64279}.Debug|Any CPU.ActiveCfg = Debug|Any CPU
		{178417EC-1177-413E-BE85-C83AECD64279}.Debug|Any CPU.Build.0 = Debug|Any CPU
		{178417EC-1177-413E-BE85-C83AECD64279}.Debug|x64.ActiveCfg = Debug|Any CPU
		{178417EC-1177-413E-BE85-C83AECD64279}.Debug|x64.Build.0 = Debug|Any CPU
		{178417EC-1177-413E-BE85-C83AECD64279}.Debug|x86.ActiveCfg = Debug|x86
		{178417EC-1177-413E-BE85-C83AECD64279}.Debug|x86.Build.0 = Debug|x86
		{178417EC-1177-413E-BE85-C83AECD64279}.Release|Any CPU.ActiveCfg = Release|Any CPU
		{178417EC-1177-413E-BE85-C83AECD64279}.Release|Any CPU.Build.0 = Release|Any CPU
		{178417EC-1177-413E-BE85-C83AECD64279}.Release|x64.ActiveCfg = Release|Any CPU
		{178417EC-1177-413E-BE85-C83AECD64279}.Release|x64.Build.0 = Release|Any CPU
		{178417EC-1177-413E-BE85-C83AECD64279}.Release|x86.ActiveCfg = Release|x86
		{178417EC-1177-413E-BE85-C83AECD64279}.Release|x86.Build.0 = Release|x86
	EndGlobalSection
	GlobalSection(SolutionProperties) = preSolution
		HideSolutionNode = FALSE
	EndGlobalSection
	GlobalSection(NestedProjects) = preSolution
		{722FD22F-A590-4311-8103-F804B4169228} = {827E0CD3-B72D-47B6-A68D-7590B98EB39B}
		{9E0596A0-C94B-5ED0-E73D-A81A4BC79739} = {3A8DF596-E814-FECC-DD4B-D8EF8AAC1A0D}
		{178417EC-1177-413E-BE85-C83AECD64279} = {9E0596A0-C94B-5ED0-E73D-A81A4BC79739}
	EndGlobalSection
EndGlobal
